
Microsoft Visual Studio Solution File, Format Version 12.00
# Visual Studio Version 17
VisualStudioVersion = 17.0.31903.59
MinimumVisualStudioVersion = 10.0.40219.1
Project("{2150E333-8FDC-42A3-9474-1A3956D46DE8}") = "src", "src", "{6BC418B7-4B28-4B77-8F46-BB5EE291F6E8}"
EndProject
Project("{FAE04EC0-301F-11D3-BF4B-00C04F79EFBC}") = "PersonalFinancesService", "src\PersonalFinancesService\PersonalFinancesService.csproj", "{FCEE8C05-75BC-4884-B27E-B15F73286E88}"
EndProject
Project("{2150E333-8FDC-42A3-9474-1A3956D46DE8}") = "tests", "tests", "{AD9A33D3-1C0B-4910-A8F7-4171E843B7B9}"
EndProject
Project("{FAE04EC0-301F-11D3-BF4B-00C04F79EFBC}") = "PersonalFinances.Tests", "tests\PersonalFinances.Tests\PersonalFinances.Tests.csproj", "{DB81555B-93E3-4F68-9CE0-0DEF96382DD1}"
EndProject
Global
	GlobalSection(SolutionConfigurationPlatforms) = preSolution
		Debug|Any CPU = Debug|Any CPU
		Release|Any CPU = Release|Any CPU
	EndGlobalSection
	GlobalSection(SolutionProperties) = preSolution
		HideSolutionNode = FALSE
	EndGlobalSection
	GlobalSection(ProjectConfigurationPlatforms) = postSolution
		{FCEE8C05-75BC-4884-B27E-B15F73286E88}.Debug|Any CPU.ActiveCfg = Debug|Any CPU
		{FCEE8C05-75BC-4884-B27E-B15F73286E88}.Debug|Any CPU.Build.0 = Debug|Any CPU
		{FCEE8C05-75BC-4884-B27E-B15F73286E88}.Release|Any CPU.ActiveCfg = Release|Any CPU
		{FCEE8C05-75BC-4884-B27E-B15F73286E88}.Release|Any CPU.Build.0 = Release|Any CPU
		{DB81555B-93E3-4F68-9CE0-0DEF96382DD1}.Debug|Any CPU.ActiveCfg = Debug|Any CPU
		{DB81555B-93E3-4F68-9CE0-0DEF96382DD1}.Debug|Any CPU.Build.0 = Debug|Any CPU
		{DB81555B-93E3-4F68-9CE0-0DEF96382DD1}.Release|Any CPU.ActiveCfg = Release|Any CPU
		{DB81555B-93E3-4F68-9CE0-0DEF96382DD1}.Release|Any CPU.Build.0 = Release|Any CPU
	EndGlobalSection
	GlobalSection(NestedProjects) = preSolution
		{FCEE8C05-75BC-4884-B27E-B15F73286E88} = {6BC418B7-4B28-4B77-8F46-BB5EE291F6E8}
		{DB81555B-93E3-4F68-9CE0-0DEF96382DD1} = {AD9A33D3-1C0B-4910-A8F7-4171E843B7B9}
	EndGlobalSection
EndGlobal
